
Microsoft Visual Studio Solution File, Format Version 12.00
# Visual Studio 15
Project("{FAE04EC0-301F-11D3-BF4B-00C04F79EFBC}") = "Assembly-CSharp", "Assembly-CSharp.csproj", "{0692B0E3-09BC-19B5-DDFE-4B47C5D618F6}"
EndProject
Project("{FAE04EC0-301F-11D3-BF4B-00C04F79EFBC}") = "Assembly-CSharp-Editor", "Assembly-CSharp-Editor.csproj", "{E442FF08-7E54-79D1-703D-AAB12004F3DB}"
EndProject
Global
	GlobalSection(SolutionConfigurationPlatforms) = preSolution
		Debug|Any CPU = Debug|Any CPU
		Release|Any CPU = Release|Any CPU
	EndGlobalSection
	GlobalSection(ProjectConfigurationPlatforms) = postSolution
		{0692B0E3-09BC-19B5-DDFE-4B47C5D618F6}.Debug|Any CPU.ActiveCfg = Debug|Any CPU
		{0692B0E3-09BC-19B5-DDFE-4B47C5D618F6}.Debug|Any CPU.Build.0 = Debug|Any CPU
		{0692B0E3-09BC-19B5-DDFE-4B47C5D618F6}.Release|Any CPU.ActiveCfg = Release|Any CPU
		{0692B0E3-09BC-19B5-DDFE-4B47C5D618F6}.Release|Any CPU.Build.0 = Release|Any CPU
		{E442FF08-7E54-79D1-703D-AAB12004F3DB}.Debug|Any CPU.ActiveCfg = Debug|Any CPU
		{E442FF08-7E54-79D1-703D-AAB12004F3DB}.Debug|Any CPU.Build.0 = Debug|Any CPU
		{E442FF08-7E54-79D1-703D-AAB12004F3DB}.Release|Any CPU.ActiveCfg = Release|Any CPU
		{E442FF08-7E54-79D1-703D-AAB12004F3DB}.Release|Any CPU.Build.0 = Release|Any CPU
	EndGlobalSection
	GlobalSection(SolutionProperties) = preSolution
		HideSolutionNode = FALSE
	EndGlobalSection
EndGlobal
